
Microsoft Visual Studio Solution File, Format Version 12.00
# Visual Studio Version 17
VisualStudioVersion = 17.9.34902.65
MinimumVisualStudioVersion = 10.0.40219.1
Project("{9A19103F-16F7-4668-BE54-9A1E7A4F7556}") = "Presentation", "Presentation\Presentation.csproj", "{FF829BBE-5E73-4783-B8CD-30066AC42567}"
EndProject
Project("{9A19103F-16F7-4668-BE54-9A1E7A4F7556}") = "Data", "Data\Data.csproj", "{91AD7753-25D3-49C4-A088-48E07D40B245}"
EndProject
Project("{9A19103F-16F7-4668-BE54-9A1E7A4F7556}") = "Application", "Application\Application.csproj", "{5BC81137-B88C-4BE1-8C1A-F4BBE8E5F3E3}"
EndProject
Global
	GlobalSection(SolutionConfigurationPlatforms) = preSolution
		Debug|Any CPU = Debug|Any CPU
		Release|Any CPU = Release|Any CPU
	EndGlobalSection
	GlobalSection(ProjectConfigurationPlatforms) = postSolution
		{FF829BBE-5E73-4783-B8CD-30066AC42567}.Debug|Any CPU.ActiveCfg = Debug|Any CPU
		{FF829BBE-5E73-4783-B8CD-30066AC42567}.Debug|Any CPU.Build.0 = Debug|Any CPU
		{FF829BBE-5E73-4783-B8CD-30066AC42567}.Release|Any CPU.ActiveCfg = Release|Any CPU
		{FF829BBE-5E73-4783-B8CD-30066AC42567}.Release|Any CPU.Build.0 = Release|Any CPU
		{91AD7753-25D3-49C4-A088-48E07D40B245}.Debug|Any CPU.ActiveCfg = Debug|Any CPU
		{91AD7753-25D3-49C4-A088-48E07D40B245}.Debug|Any CPU.Build.0 = Debug|Any CPU
		{91AD7753-25D3-49C4-A088-48E07D40B245}.Release|Any CPU.ActiveCfg = Release|Any CPU
		{91AD7753-25D3-49C4-A088-48E07D40B245}.Release|Any CPU.Build.0 = Release|Any CPU
		{5BC81137-B88C-4BE1-8C1A-F4BBE8E5F3E3}.Debug|Any CPU.ActiveCfg = Debug|Any CPU
		{5BC81137-B88C-4BE1-8C1A-F4BBE8E5F3E3}.Debug|Any CPU.Build.0 = Debug|Any CPU
		{5BC81137-B88C-4BE1-8C1A-F4BBE8E5F3E3}.Release|Any CPU.ActiveCfg = Release|Any CPU
		{5BC81137-B88C-4BE1-8C1A-F4BBE8E5F3E3}.Release|Any CPU.Build.0 = Release|Any CPU
	EndGlobalSection
	GlobalSection(SolutionProperties) = preSolution
		HideSolutionNode = FALSE
	EndGlobalSection
	GlobalSection(ExtensibilityGlobals) = postSolution
		SolutionGuid = {B2415D53-AD29-4340-BEDD-B28CE6EB1C47}
	EndGlobalSection
EndGlobal
